
Microsoft Visual Studio Solution File, Format Version 12.00
# Visual Studio Version 16
VisualStudioVersion = 16.0.31112.23
MinimumVisualStudioVersion = 10.0.40219.1
Project("{8BC9CEB8-8B4A-11D0-8D11-00A0C91BC942}") = "OOP345_workshop_7", "OOP345_workshop_7.vcxproj", "{81882A63-8011-4476-8140-059B6E11005D}"
EndProject
Global
	GlobalSection(SolutionConfigurationPlatforms) = preSolution
		Debug|x64 = Debug|x64
		Debug|x86 = Debug|x86
		Release|x64 = Release|x64
		Release|x86 = Release|x86
	EndGlobalSection
	GlobalSection(ProjectConfigurationPlatforms) = postSolution
		{81882A63-8011-4476-8140-059B6E11005D}.Debug|x64.ActiveCfg = Debug|x64
		{81882A63-8011-4476-8140-059B6E11005D}.Debug|x64.Build.0 = Debug|x64
		{81882A63-8011-4476-8140-059B6E11005D}.Debug|x86.ActiveCfg = Debug|Win32
		{81882A63-8011-4476-8140-059B6E11005D}.Debug|x86.Build.0 = Debug|Win32
		{81882A63-8011-4476-8140-059B6E11005D}.Release|x64.ActiveCfg = Release|x64
		{81882A63-8011-4476-8140-059B6E11005D}.Release|x64.Build.0 = Release|x64
		{81882A63-8011-4476-8140-059B6E11005D}.Release|x86.ActiveCfg = Release|Win32
		{81882A63-8011-4476-8140-059B6E11005D}.Release|x86.Build.0 = Release|Win32
	EndGlobalSection
	GlobalSection(SolutionProperties) = preSolution
		HideSolutionNode = FALSE
	EndGlobalSection
	GlobalSection(ExtensibilityGlobals) = postSolution
		SolutionGuid = {6691079D-25A8-4AF1-B228-E6E58B3AA65F}
	EndGlobalSection
EndGlobal
